
Microsoft Visual Studio Solution File, Format Version 12.00
# Visual Studio 15
VisualStudioVersion = 15.0.28010.2046
MinimumVisualStudioVersion = 10.0.40219.1
Project("{FAE04EC0-301F-11D3-BF4B-00C04F79EFBC}") = "Stack", "Stack\Stack.csproj", "{DF1C0893-2072-4C2A-B580-EE1162BDBE4C}"
EndProject
Global
	GlobalSection(SolutionConfigurationPlatforms) = preSolution
		Debug|Any CPU = Debug|Any CPU
		Release|Any CPU = Release|Any CPU
	EndGlobalSection
	GlobalSection(ProjectConfigurationPlatforms) = postSolution
		{DF1C0893-2072-4C2A-B580-EE1162BDBE4C}.Debug|Any CPU.ActiveCfg = Debug|Any CPU
		{DF1C0893-2072-4C2A-B580-EE1162BDBE4C}.Debug|Any CPU.Build.0 = Debug|Any CPU
		{DF1C0893-2072-4C2A-B580-EE1162BDBE4C}.Release|Any CPU.ActiveCfg = Release|Any CPU
		{DF1C0893-2072-4C2A-B580-EE1162BDBE4C}.Release|Any CPU.Build.0 = Release|Any CPU
	EndGlobalSection
	GlobalSection(SolutionProperties) = preSolution
		HideSolutionNode = FALSE
	EndGlobalSection
	GlobalSection(ExtensibilityGlobals) = postSolution
		SolutionGuid = {5F22C497-20D7-42CB-BCA0-46775C6DA336}
	EndGlobalSection
EndGlobal
